// !$*UTF8*$!
{
	archiveVersion = 1;
	classes = {
	};
	objectVersion = 56;
	objects = {

/* Begin PBXBuildFile section */
		52F42B762B88B9D6009E6657 /* AppDelegate.swift in Sources */ = {isa = PBXBuildFile; fileRef = 52F42B752B88B9D6009E6657 /* AppDelegate.swift */; };
		52F42B782B88B9D6009E6657 /* SceneDelegate.swift in Sources */ = {isa = PBXBuildFile; fileRef = 52F42B772B88B9D6009E6657 /* SceneDelegate.swift */; };
		52F42B7A2B88B9D6009E6657 /* SplashViewController.swift in Sources */ = {isa = PBXBuildFile; fileRef = 52F42B792B88B9D6009E6657 /* SplashViewController.swift */; };
		52F42B7F2B88B9D9009E6657 /* Assets.xcassets in Resources */ = {isa = PBXBuildFile; fileRef = 52F42B7E2B88B9D9009E6657 /* Assets.xcassets */; };
		52F42B822B88B9D9009E6657 /* LaunchScreen.storyboard in Resources */ = {isa = PBXBuildFile; fileRef = 52F42B802B88B9D9009E6657 /* LaunchScreen.storyboard */; };
		52F42B8D2B88B9D9009E6657 /* PracticaIOSAvanzadoDiegoAndradesTests.swift in Sources */ = {isa = PBXBuildFile; fileRef = 52F42B8C2B88B9D9009E6657 /* PracticaIOSAvanzadoDiegoAndradesTests.swift */; };
		52F42B972B88B9D9009E6657 /* PracticaIOSAvanzadoDiegoAndradesUITests.swift in Sources */ = {isa = PBXBuildFile; fileRef = 52F42B962B88B9D9009E6657 /* PracticaIOSAvanzadoDiegoAndradesUITests.swift */; };
		52F42B992B88B9D9009E6657 /* PracticaIOSAvanzadoDiegoAndradesUITestsLaunchTests.swift in Sources */ = {isa = PBXBuildFile; fileRef = 52F42B982B88B9D9009E6657 /* PracticaIOSAvanzadoDiegoAndradesUITestsLaunchTests.swift */; };
		52F42BA62B8D16E5009E6657 /* SplashViewController.xib in Resources */ = {isa = PBXBuildFile; fileRef = 52F42BA52B8D16E5009E6657 /* SplashViewController.xib */; };
		52F42BAA2B8D1A89009E6657 /* LoginViewController.swift in Sources */ = {isa = PBXBuildFile; fileRef = 52F42BA82B8D1A89009E6657 /* LoginViewController.swift */; };
		52F42BAB2B8D1A89009E6657 /* LoginViewController.xib in Resources */ = {isa = PBXBuildFile; fileRef = 52F42BA92B8D1A89009E6657 /* LoginViewController.xib */; };
		52F42BB12B8D1AF6009E6657 /* HeroesListViewController.swift in Sources */ = {isa = PBXBuildFile; fileRef = 52F42BAF2B8D1AF6009E6657 /* HeroesListViewController.swift */; };
		52F42BB22B8D1AF6009E6657 /* HeroesListViewController.xib in Resources */ = {isa = PBXBuildFile; fileRef = 52F42BB02B8D1AF6009E6657 /* HeroesListViewController.xib */; };
		52F42BB92B8D2149009E6657 /* Endpoint.swift in Sources */ = {isa = PBXBuildFile; fileRef = 52F42BB82B8D2149009E6657 /* Endpoint.swift */; };
		52F42BBD2B8D3236009E6657 /* LoginViewModel.swift in Sources */ = {isa = PBXBuildFile; fileRef = 52F42BBC2B8D3236009E6657 /* LoginViewModel.swift */; };
		52F42BC22B8F3F5A009E6657 /* LoginStatusLoad.swift in Sources */ = {isa = PBXBuildFile; fileRef = 52F42BC12B8F3F5A009E6657 /* LoginStatusLoad.swift */; };
		52F42BC72B8F6523009E6657 /* LoginUseCase.swift in Sources */ = {isa = PBXBuildFile; fileRef = 52F42BC62B8F6523009E6657 /* LoginUseCase.swift */; };
		52F42BCA2B8FA3CF009E6657 /* NetworkError.swift in Sources */ = {isa = PBXBuildFile; fileRef = 52F42BC92B8FA3CF009E6657 /* NetworkError.swift */; };
		52F42BCC2B8FA452009E6657 /* HTTPMethods.swift in Sources */ = {isa = PBXBuildFile; fileRef = 52F42BCB2B8FA452009E6657 /* HTTPMethods.swift */; };
		52F42BCE2B8FA4A0009E6657 /* HTTPResponseCodes.swift in Sources */ = {isa = PBXBuildFile; fileRef = 52F42BCD2B8FA4A0009E6657 /* HTTPResponseCodes.swift */; };
		52F42BD42B8FAB72009E6657 /* SplashStatusLoad.swift in Sources */ = {isa = PBXBuildFile; fileRef = 52F42BD32B8FAB72009E6657 /* SplashStatusLoad.swift */; };
		52F42BD72B8FB8C3009E6657 /* KeychainSwift in Frameworks */ = {isa = PBXBuildFile; productRef = 52F42BD62B8FB8C3009E6657 /* KeychainSwift */; };
		52F42BDA2B8FC645009E6657 /* SecureData.swift in Sources */ = {isa = PBXBuildFile; fileRef = 52F42BD92B8FC645009E6657 /* SecureData.swift */; };
		52F42BE12B925C4A009E6657 /* HeroCaseUse.swift in Sources */ = {isa = PBXBuildFile; fileRef = 52F42BE02B925C4A009E6657 /* HeroCaseUse.swift */; };
		52F42BE42B925D47009E6657 /* HeroViewModel.swift in Sources */ = {isa = PBXBuildFile; fileRef = 52F42BE32B925D47009E6657 /* HeroViewModel.swift */; };
		52F42BE82B926BAE009E6657 /* Model.xcdatamodeld in Sources */ = {isa = PBXBuildFile; fileRef = 52F42BE62B926BAE009E6657 /* Model.xcdatamodeld */; };
		52F42BFA2B927127009E6657 /* StoreDataProvider.swift in Sources */ = {isa = PBXBuildFile; fileRef = 52F42BF92B927127009E6657 /* StoreDataProvider.swift */; };
		52F42BFD2B932067009E6657 /* Transformation.swift in Sources */ = {isa = PBXBuildFile; fileRef = 52F42BFC2B932067009E6657 /* Transformation.swift */; };
		52F42BFF2B932072009E6657 /* Location.swift in Sources */ = {isa = PBXBuildFile; fileRef = 52F42BFE2B932072009E6657 /* Location.swift */; };
		52F42C012B93207D009E6657 /* Hero.swift in Sources */ = {isa = PBXBuildFile; fileRef = 52F42C002B93207C009E6657 /* Hero.swift */; };
		52F42C032B93456F009E6657 /* ApiProvider.swift in Sources */ = {isa = PBXBuildFile; fileRef = 52F42C022B93456F009E6657 /* ApiProvider.swift */; };
		52F42C0A2B939F4F009E6657 /* NSMTransformation.swift in Sources */ = {isa = PBXBuildFile; fileRef = 52F42C042B939F4F009E6657 /* NSMTransformation.swift */; };
		52F42C0C2B939F4F009E6657 /* NSMHero.swift in Sources */ = {isa = PBXBuildFile; fileRef = 52F42C062B939F4F009E6657 /* NSMHero.swift */; };
		52F42C0E2B939F4F009E6657 /* NSMLocation.swift in Sources */ = {isa = PBXBuildFile; fileRef = 52F42C082B939F4F009E6657 /* NSMLocation.swift */; };
		52F42C162B93B6CD009E6657 /* UIImageView.swift in Sources */ = {isa = PBXBuildFile; fileRef = 52F42C152B93B6CD009E6657 /* UIImageView.swift */; };
		52F42C362B93D9DF009E6657 /* HeroViewCell.swift in Sources */ = {isa = PBXBuildFile; fileRef = 52F42C342B93D9DF009E6657 /* HeroViewCell.swift */; };
		52F42C372B93D9DF009E6657 /* HeroViewCell.xib in Resources */ = {isa = PBXBuildFile; fileRef = 52F42C352B93D9DF009E6657 /* HeroViewCell.xib */; };
		52F42C3A2B93E4DC009E6657 /* HeroTableViewCell.swift in Sources */ = {isa = PBXBuildFile; fileRef = 52F42C382B93E4DC009E6657 /* HeroTableViewCell.swift */; };
		52F42C3B2B93E4DC009E6657 /* HeroTableViewCell.xib in Resources */ = {isa = PBXBuildFile; fileRef = 52F42C392B93E4DC009E6657 /* HeroTableViewCell.xib */; };
/* End PBXBuildFile section */

/* Begin PBXContainerItemProxy section */
		52F42B892B88B9D9009E6657 /* PBXContainerItemProxy */ = {
			isa = PBXContainerItemProxy;
			containerPortal = 52F42B6A2B88B9D6009E6657 /* Project object */;
			proxyType = 1;
			remoteGlobalIDString = 52F42B712B88B9D6009E6657;
			remoteInfo = PracticaIOSAvanzadoDiegoAndrades;
		};
		52F42B932B88B9D9009E6657 /* PBXContainerItemProxy */ = {
			isa = PBXContainerItemProxy;
			containerPortal = 52F42B6A2B88B9D6009E6657 /* Project object */;
			proxyType = 1;
			remoteGlobalIDString = 52F42B712B88B9D6009E6657;
			remoteInfo = PracticaIOSAvanzadoDiegoAndrades;
		};
/* End PBXContainerItemProxy section */

/* Begin PBXFileReference section */
		52F42B722B88B9D6009E6657 /* PracticaIOSAvanzadoDiegoAndrades.app */ = {isa = PBXFileReference; explicitFileType = wrapper.application; includeInIndex = 0; path = PracticaIOSAvanzadoDiegoAndrades.app; sourceTree = BUILT_PRODUCTS_DIR; };
		52F42B752B88B9D6009E6657 /* AppDelegate.swift */ = {isa = PBXFileReference; lastKnownFileType = sourcecode.swift; path = AppDelegate.swift; sourceTree = "<group>"; };
		52F42B772B88B9D6009E6657 /* SceneDelegate.swift */ = {isa = PBXFileReference; lastKnownFileType = sourcecode.swift; path = SceneDelegate.swift; sourceTree = "<group>"; };
		52F42B792B88B9D6009E6657 /* SplashViewController.swift */ = {isa = PBXFileReference; lastKnownFileType = sourcecode.swift; path = SplashViewController.swift; sourceTree = "<group>"; };
		52F42B7E2B88B9D9009E6657 /* Assets.xcassets */ = {isa = PBXFileReference; lastKnownFileType = folder.assetcatalog; path = Assets.xcassets; sourceTree = "<group>"; };
		52F42B812B88B9D9009E6657 /* Base */ = {isa = PBXFileReference; lastKnownFileType = file.storyboard; name = Base; path = Base.lproj/LaunchScreen.storyboard; sourceTree = "<group>"; };
		52F42B832B88B9D9009E6657 /* Info.plist */ = {isa = PBXFileReference; lastKnownFileType = text.plist.xml; path = Info.plist; sourceTree = "<group>"; };
		52F42B882B88B9D9009E6657 /* PracticaIOSAvanzadoDiegoAndradesTests.xctest */ = {isa = PBXFileReference; explicitFileType = wrapper.cfbundle; includeInIndex = 0; path = PracticaIOSAvanzadoDiegoAndradesTests.xctest; sourceTree = BUILT_PRODUCTS_DIR; };
		52F42B8C2B88B9D9009E6657 /* PracticaIOSAvanzadoDiegoAndradesTests.swift */ = {isa = PBXFileReference; lastKnownFileType = sourcecode.swift; path = PracticaIOSAvanzadoDiegoAndradesTests.swift; sourceTree = "<group>"; };
		52F42B922B88B9D9009E6657 /* PracticaIOSAvanzadoDiegoAndradesUITests.xctest */ = {isa = PBXFileReference; explicitFileType = wrapper.cfbundle; includeInIndex = 0; path = PracticaIOSAvanzadoDiegoAndradesUITests.xctest; sourceTree = BUILT_PRODUCTS_DIR; };
		52F42B962B88B9D9009E6657 /* PracticaIOSAvanzadoDiegoAndradesUITests.swift */ = {isa = PBXFileReference; lastKnownFileType = sourcecode.swift; path = PracticaIOSAvanzadoDiegoAndradesUITests.swift; sourceTree = "<group>"; };
		52F42B982B88B9D9009E6657 /* PracticaIOSAvanzadoDiegoAndradesUITestsLaunchTests.swift */ = {isa = PBXFileReference; lastKnownFileType = sourcecode.swift; path = PracticaIOSAvanzadoDiegoAndradesUITestsLaunchTests.swift; sourceTree = "<group>"; };
		52F42BA52B8D16E5009E6657 /* SplashViewController.xib */ = {isa = PBXFileReference; lastKnownFileType = file.xib; path = SplashViewController.xib; sourceTree = "<group>"; };
		52F42BA82B8D1A89009E6657 /* LoginViewController.swift */ = {isa = PBXFileReference; lastKnownFileType = sourcecode.swift; path = LoginViewController.swift; sourceTree = "<group>"; };
		52F42BA92B8D1A89009E6657 /* LoginViewController.xib */ = {isa = PBXFileReference; lastKnownFileType = file.xib; path = LoginViewController.xib; sourceTree = "<group>"; };
		52F42BAF2B8D1AF6009E6657 /* HeroesListViewController.swift */ = {isa = PBXFileReference; lastKnownFileType = sourcecode.swift; path = HeroesListViewController.swift; sourceTree = "<group>"; };
		52F42BB02B8D1AF6009E6657 /* HeroesListViewController.xib */ = {isa = PBXFileReference; lastKnownFileType = file.xib; path = HeroesListViewController.xib; sourceTree = "<group>"; };
		52F42BB82B8D2149009E6657 /* Endpoint.swift */ = {isa = PBXFileReference; lastKnownFileType = sourcecode.swift; path = Endpoint.swift; sourceTree = "<group>"; };
		52F42BBC2B8D3236009E6657 /* LoginViewModel.swift */ = {isa = PBXFileReference; lastKnownFileType = sourcecode.swift; path = LoginViewModel.swift; sourceTree = "<group>"; };
		52F42BC12B8F3F5A009E6657 /* LoginStatusLoad.swift */ = {isa = PBXFileReference; lastKnownFileType = sourcecode.swift; path = LoginStatusLoad.swift; sourceTree = "<group>"; };
		52F42BC62B8F6523009E6657 /* LoginUseCase.swift */ = {isa = PBXFileReference; lastKnownFileType = sourcecode.swift; path = LoginUseCase.swift; sourceTree = "<group>"; };
		52F42BC92B8FA3CF009E6657 /* NetworkError.swift */ = {isa = PBXFileReference; lastKnownFileType = sourcecode.swift; path = NetworkError.swift; sourceTree = "<group>"; };
		52F42BCB2B8FA452009E6657 /* HTTPMethods.swift */ = {isa = PBXFileReference; lastKnownFileType = sourcecode.swift; path = HTTPMethods.swift; sourceTree = "<group>"; };
		52F42BCD2B8FA4A0009E6657 /* HTTPResponseCodes.swift */ = {isa = PBXFileReference; lastKnownFileType = sourcecode.swift; path = HTTPResponseCodes.swift; sourceTree = "<group>"; };
		52F42BD32B8FAB72009E6657 /* SplashStatusLoad.swift */ = {isa = PBXFileReference; lastKnownFileType = sourcecode.swift; path = SplashStatusLoad.swift; sourceTree = "<group>"; };
		52F42BD92B8FC645009E6657 /* SecureData.swift */ = {isa = PBXFileReference; lastKnownFileType = sourcecode.swift; path = SecureData.swift; sourceTree = "<group>"; };
		52F42BE02B925C4A009E6657 /* HeroCaseUse.swift */ = {isa = PBXFileReference; lastKnownFileType = sourcecode.swift; path = HeroCaseUse.swift; sourceTree = "<group>"; };
		52F42BE32B925D47009E6657 /* HeroViewModel.swift */ = {isa = PBXFileReference; lastKnownFileType = sourcecode.swift; path = HeroViewModel.swift; sourceTree = "<group>"; };
		52F42BE72B926BAE009E6657 /* Model.xcdatamodel */ = {isa = PBXFileReference; lastKnownFileType = wrapper.xcdatamodel; path = Model.xcdatamodel; sourceTree = "<group>"; };
		52F42BF92B927127009E6657 /* StoreDataProvider.swift */ = {isa = PBXFileReference; lastKnownFileType = sourcecode.swift; path = StoreDataProvider.swift; sourceTree = "<group>"; };
		52F42BFC2B932067009E6657 /* Transformation.swift */ = {isa = PBXFileReference; lastKnownFileType = sourcecode.swift; path = Transformation.swift; sourceTree = "<group>"; };
		52F42BFE2B932072009E6657 /* Location.swift */ = {isa = PBXFileReference; lastKnownFileType = sourcecode.swift; path = Location.swift; sourceTree = "<group>"; };
		52F42C002B93207C009E6657 /* Hero.swift */ = {isa = PBXFileReference; lastKnownFileType = sourcecode.swift; path = Hero.swift; sourceTree = "<group>"; };
		52F42C022B93456F009E6657 /* ApiProvider.swift */ = {isa = PBXFileReference; lastKnownFileType = sourcecode.swift; path = ApiProvider.swift; sourceTree = "<group>"; };
		52F42C042B939F4F009E6657 /* NSMTransformation.swift */ = {isa = PBXFileReference; lastKnownFileType = sourcecode.swift; path = NSMTransformation.swift; sourceTree = "<group>"; };
		52F42C062B939F4F009E6657 /* NSMHero.swift */ = {isa = PBXFileReference; lastKnownFileType = sourcecode.swift; path = NSMHero.swift; sourceTree = "<group>"; };
		52F42C082B939F4F009E6657 /* NSMLocation.swift */ = {isa = PBXFileReference; lastKnownFileType = sourcecode.swift; path = NSMLocation.swift; sourceTree = "<group>"; };
		52F42C152B93B6CD009E6657 /* UIImageView.swift */ = {isa = PBXFileReference; lastKnownFileType = sourcecode.swift; path = UIImageView.swift; sourceTree = "<group>"; };
		52F42C342B93D9DF009E6657 /* HeroViewCell.swift */ = {isa = PBXFileReference; lastKnownFileType = sourcecode.swift; path = HeroViewCell.swift; sourceTree = "<group>"; };
		52F42C352B93D9DF009E6657 /* HeroViewCell.xib */ = {isa = PBXFileReference; lastKnownFileType = file.xib; path = HeroViewCell.xib; sourceTree = "<group>"; };
		52F42C382B93E4DC009E6657 /* HeroTableViewCell.swift */ = {isa = PBXFileReference; lastKnownFileType = sourcecode.swift; path = HeroTableViewCell.swift; sourceTree = "<group>"; };
		52F42C392B93E4DC009E6657 /* HeroTableViewCell.xib */ = {isa = PBXFileReference; lastKnownFileType = file.xib; path = HeroTableViewCell.xib; sourceTree = "<group>"; };
/* End PBXFileReference section */

/* Begin PBXFrameworksBuildPhase section */
		52F42B6F2B88B9D6009E6657 /* Frameworks */ = {
			isa = PBXFrameworksBuildPhase;
			buildActionMask = 2147483647;
			files = (
				52F42BD72B8FB8C3009E6657 /* KeychainSwift in Frameworks */,
			);
			runOnlyForDeploymentPostprocessing = 0;
		};
		52F42B852B88B9D9009E6657 /* Frameworks */ = {
			isa = PBXFrameworksBuildPhase;
			buildActionMask = 2147483647;
			files = (
			);
			runOnlyForDeploymentPostprocessing = 0;
		};
		52F42B8F2B88B9D9009E6657 /* Frameworks */ = {
			isa = PBXFrameworksBuildPhase;
			buildActionMask = 2147483647;
			files = (
			);
			runOnlyForDeploymentPostprocessing = 0;
		};
/* End PBXFrameworksBuildPhase section */

/* Begin PBXGroup section */
		52F42B692B88B9D6009E6657 = {
			isa = PBXGroup;
			children = (
				52F42B742B88B9D6009E6657 /* PracticaIOSAvanzadoDiegoAndrades */,
				52F42B8B2B88B9D9009E6657 /* PracticaIOSAvanzadoDiegoAndradesTests */,
				52F42B952B88B9D9009E6657 /* PracticaIOSAvanzadoDiegoAndradesUITests */,
				52F42B732B88B9D6009E6657 /* Products */,
			);
			sourceTree = "<group>";
		};
		52F42B732B88B9D6009E6657 /* Products */ = {
			isa = PBXGroup;
			children = (
				52F42B722B88B9D6009E6657 /* PracticaIOSAvanzadoDiegoAndrades.app */,
				52F42B882B88B9D9009E6657 /* PracticaIOSAvanzadoDiegoAndradesTests.xctest */,
				52F42B922B88B9D9009E6657 /* PracticaIOSAvanzadoDiegoAndradesUITests.xctest */,
			);
			name = Products;
			sourceTree = "<group>";
		};
		52F42B742B88B9D6009E6657 /* PracticaIOSAvanzadoDiegoAndrades */ = {
			isa = PBXGroup;
			children = (
				52F42B832B88B9D9009E6657 /* Info.plist */,
				52F42B752B88B9D6009E6657 /* AppDelegate.swift */,
				52F42B772B88B9D6009E6657 /* SceneDelegate.swift */,
				52F42B7E2B88B9D9009E6657 /* Assets.xcassets */,
				52F42B802B88B9D9009E6657 /* LaunchScreen.storyboard */,
				52F42BAC2B8D1AC4009E6657 /* View */,
				52F42BBA2B8D3207009E6657 /* ViewModels */,
				52F42BBF2B8F3F35009E6657 /* Domain */,
				52F42BB42B8D1B4E009E6657 /* Data */,
			);
			path = PracticaIOSAvanzadoDiegoAndrades;
			sourceTree = "<group>";
		};
		52F42B8B2B88B9D9009E6657 /* PracticaIOSAvanzadoDiegoAndradesTests */ = {
			isa = PBXGroup;
			children = (
				52F42B8C2B88B9D9009E6657 /* PracticaIOSAvanzadoDiegoAndradesTests.swift */,
			);
			path = PracticaIOSAvanzadoDiegoAndradesTests;
			sourceTree = "<group>";
		};
		52F42B952B88B9D9009E6657 /* PracticaIOSAvanzadoDiegoAndradesUITests */ = {
			isa = PBXGroup;
			children = (
				52F42B962B88B9D9009E6657 /* PracticaIOSAvanzadoDiegoAndradesUITests.swift */,
				52F42B982B88B9D9009E6657 /* PracticaIOSAvanzadoDiegoAndradesUITestsLaunchTests.swift */,
			);
			path = PracticaIOSAvanzadoDiegoAndradesUITests;
			sourceTree = "<group>";
		};
		52F42BA72B8D1A6C009E6657 /* login */ = {
			isa = PBXGroup;
			children = (
				52F42BA82B8D1A89009E6657 /* LoginViewController.swift */,
				52F42BA92B8D1A89009E6657 /* LoginViewController.xib */,
			);
			path = login;
			sourceTree = "<group>";
		};
		52F42BAC2B8D1AC4009E6657 /* View */ = {
			isa = PBXGroup;
			children = (
				52F42BB32B8D1B3C009E6657 /* Splash */,
				52F42BAD2B8D1AD0009E6657 /* ListHeroes */,
				52F42BA72B8D1A6C009E6657 /* login */,
			);
			path = View;
			sourceTree = "<group>";
		};
		52F42BAD2B8D1AD0009E6657 /* ListHeroes */ = {
			isa = PBXGroup;
			children = (
				52F42BAF2B8D1AF6009E6657 /* HeroesListViewController.swift */,
				52F42BB02B8D1AF6009E6657 /* HeroesListViewController.xib */,
				52F42C342B93D9DF009E6657 /* HeroViewCell.swift */,
				52F42C352B93D9DF009E6657 /* HeroViewCell.xib */,
				52F42C382B93E4DC009E6657 /* HeroTableViewCell.swift */,
				52F42C392B93E4DC009E6657 /* HeroTableViewCell.xib */,
			);
			path = ListHeroes;
			sourceTree = "<group>";
		};
		52F42BB32B8D1B3C009E6657 /* Splash */ = {
			isa = PBXGroup;
			children = (
				52F42B792B88B9D6009E6657 /* SplashViewController.swift */,
				52F42BA52B8D16E5009E6657 /* SplashViewController.xib */,
			);
			path = Splash;
			sourceTree = "<group>";
		};
		52F42BB42B8D1B4E009E6657 /* Data */ = {
			isa = PBXGroup;
			children = (
				52F42BE52B9269F7009E6657 /* CoreData */,
				52F42BD82B8FC634009E6657 /* SecureData */,
				52F42BB72B8D2137009E6657 /* Network */,
			);
			path = Data;
			sourceTree = "<group>";
		};
		52F42BB72B8D2137009E6657 /* Network */ = {
			isa = PBXGroup;
			children = (
				52F42BC82B8F65E5009E6657 /*  BaseNetwork */,
				52F42C022B93456F009E6657 /* ApiProvider.swift */,
			);
			path = Network;
			sourceTree = "<group>";
		};
		52F42BBA2B8D3207009E6657 /* ViewModels */ = {
			isa = PBXGroup;
			children = (
				52F42BE22B925D31009E6657 /* Hero */,
				52F42BBB2B8D3217009E6657 /* Login */,
			);
			path = ViewModels;
			sourceTree = "<group>";
		};
		52F42BBB2B8D3217009E6657 /* Login */ = {
			isa = PBXGroup;
			children = (
				52F42BBC2B8D3236009E6657 /* LoginViewModel.swift */,
			);
			path = Login;
			sourceTree = "<group>";
		};
		52F42BBF2B8F3F35009E6657 /* Domain */ = {
			isa = PBXGroup;
			children = (
				52F42C142B93B6B2009E6657 /* extensions */,
				52F42BC32B8F64C6009E6657 /* CaseUses */,
				52F42BC02B8F3F48009E6657 /* Models */,
			);
			path = Domain;
			sourceTree = "<group>";
		};
		52F42BC02B8F3F48009E6657 /* Models */ = {
			isa = PBXGroup;
			children = (
				52F42BC12B8F3F5A009E6657 /* LoginStatusLoad.swift */,
				52F42BD32B8FAB72009E6657 /* SplashStatusLoad.swift */,
			);
			path = Models;
			sourceTree = "<group>";
		};
		52F42BC32B8F64C6009E6657 /* CaseUses */ = {
			isa = PBXGroup;
			children = (
				52F42BC62B8F6523009E6657 /* LoginUseCase.swift */,
				52F42BE02B925C4A009E6657 /* HeroCaseUse.swift */,
			);
			path = CaseUses;
			sourceTree = "<group>";
		};
		52F42BC82B8F65E5009E6657 /*  BaseNetwork */ = {
			isa = PBXGroup;
			children = (
				52F42BB82B8D2149009E6657 /* Endpoint.swift */,
				52F42BC92B8FA3CF009E6657 /* NetworkError.swift */,
				52F42BCB2B8FA452009E6657 /* HTTPMethods.swift */,
				52F42BCD2B8FA4A0009E6657 /* HTTPResponseCodes.swift */,
			);
			path = " BaseNetwork";
			sourceTree = "<group>";
		};
		52F42BD82B8FC634009E6657 /* SecureData */ = {
			isa = PBXGroup;
			children = (
				52F42BD92B8FC645009E6657 /* SecureData.swift */,
			);
			path = SecureData;
			sourceTree = "<group>";
		};
		52F42BE22B925D31009E6657 /* Hero */ = {
			isa = PBXGroup;
			children = (
				52F42BE32B925D47009E6657 /* HeroViewModel.swift */,
			);
			path = Hero;
			sourceTree = "<group>";
		};
		52F42BE52B9269F7009E6657 /* CoreData */ = {
			isa = PBXGroup;
			children = (
				52F42BFB2B93204D009E6657 /* Model */,
				52F42BE62B926BAE009E6657 /* Model.xcdatamodeld */,
				52F42BF92B927127009E6657 /* StoreDataProvider.swift */,
			);
			path = CoreData;
			sourceTree = "<group>";
		};
		52F42BFB2B93204D009E6657 /* Model */ = {
			isa = PBXGroup;
			children = (
				52F42C002B93207C009E6657 /* Hero.swift */,
				52F42BFC2B932067009E6657 /* Transformation.swift */,
				52F42BFE2B932072009E6657 /* Location.swift */,
				52F42C042B939F4F009E6657 /* NSMTransformation.swift */,
				52F42C062B939F4F009E6657 /* NSMHero.swift */,
				52F42C082B939F4F009E6657 /* NSMLocation.swift */,
			);
			path = Model;
			sourceTree = "<group>";
		};
		52F42C142B93B6B2009E6657 /* extensions */ = {
			isa = PBXGroup;
			children = (
				52F42C152B93B6CD009E6657 /* UIImageView.swift */,
			);
			path = extensions;
			sourceTree = "<group>";
		};
/* End PBXGroup section */

/* Begin PBXNativeTarget section */
		52F42B712B88B9D6009E6657 /* PracticaIOSAvanzadoDiegoAndrades */ = {
			isa = PBXNativeTarget;
			buildConfigurationList = 52F42B9C2B88B9D9009E6657 /* Build configuration list for PBXNativeTarget "PracticaIOSAvanzadoDiegoAndrades" */;
			buildPhases = (
				52F42B6E2B88B9D6009E6657 /* Sources */,
				52F42B6F2B88B9D6009E6657 /* Frameworks */,
				52F42B702B88B9D6009E6657 /* Resources */,
			);
			buildRules = (
			);
			dependencies = (
			);
			name = PracticaIOSAvanzadoDiegoAndrades;
			packageProductDependencies = (
				52F42BD62B8FB8C3009E6657 /* KeychainSwift */,
			);
			productName = PracticaIOSAvanzadoDiegoAndrades;
			productReference = 52F42B722B88B9D6009E6657 /* PracticaIOSAvanzadoDiegoAndrades.app */;
			productType = "com.apple.product-type.application";
		};
		52F42B872B88B9D9009E6657 /* PracticaIOSAvanzadoDiegoAndradesTests */ = {
			isa = PBXNativeTarget;
			buildConfigurationList = 52F42B9F2B88B9D9009E6657 /* Build configuration list for PBXNativeTarget "PracticaIOSAvanzadoDiegoAndradesTests" */;
			buildPhases = (
				52F42B842B88B9D9009E6657 /* Sources */,
				52F42B852B88B9D9009E6657 /* Frameworks */,
				52F42B862B88B9D9009E6657 /* Resources */,
			);
			buildRules = (
			);
			dependencies = (
				52F42B8A2B88B9D9009E6657 /* PBXTargetDependency */,
			);
			name = PracticaIOSAvanzadoDiegoAndradesTests;
			productName = PracticaIOSAvanzadoDiegoAndradesTests;
			productReference = 52F42B882B88B9D9009E6657 /* PracticaIOSAvanzadoDiegoAndradesTests.xctest */;
			productType = "com.apple.product-type.bundle.unit-test";
		};
		52F42B912B88B9D9009E6657 /* PracticaIOSAvanzadoDiegoAndradesUITests */ = {
			isa = PBXNativeTarget;
			buildConfigurationList = 52F42BA22B88B9D9009E6657 /* Build configuration list for PBXNativeTarget "PracticaIOSAvanzadoDiegoAndradesUITests" */;
			buildPhases = (
				52F42B8E2B88B9D9009E6657 /* Sources */,
				52F42B8F2B88B9D9009E6657 /* Frameworks */,
				52F42B902B88B9D9009E6657 /* Resources */,
			);
			buildRules = (
			);
			dependencies = (
				52F42B942B88B9D9009E6657 /* PBXTargetDependency */,
			);
			name = PracticaIOSAvanzadoDiegoAndradesUITests;
			productName = PracticaIOSAvanzadoDiegoAndradesUITests;
			productReference = 52F42B922B88B9D9009E6657 /* PracticaIOSAvanzadoDiegoAndradesUITests.xctest */;
			productType = "com.apple.product-type.bundle.ui-testing";
		};
/* End PBXNativeTarget section */

/* Begin PBXProject section */
		52F42B6A2B88B9D6009E6657 /* Project object */ = {
			isa = PBXProject;
			attributes = {
				BuildIndependentTargetsInParallel = 1;
				LastSwiftUpdateCheck = 1520;
				LastUpgradeCheck = 1520;
				TargetAttributes = {
					52F42B712B88B9D6009E6657 = {
						CreatedOnToolsVersion = 15.2;
					};
					52F42B872B88B9D9009E6657 = {
						CreatedOnToolsVersion = 15.2;
						TestTargetID = 52F42B712B88B9D6009E6657;
					};
					52F42B912B88B9D9009E6657 = {
						CreatedOnToolsVersion = 15.2;
						TestTargetID = 52F42B712B88B9D6009E6657;
					};
				};
			};
			buildConfigurationList = 52F42B6D2B88B9D6009E6657 /* Build configuration list for PBXProject "PracticaIOSAvanzadoDiegoAndrades" */;
			compatibilityVersion = "Xcode 14.0";
			developmentRegion = en;
			hasScannedForEncodings = 0;
			knownRegions = (
				en,
				Base,
			);
			mainGroup = 52F42B692B88B9D6009E6657;
			packageReferences = (
				52F42BD52B8FB8C3009E6657 /* XCRemoteSwiftPackageReference "keychain-swift" */,
			);
			productRefGroup = 52F42B732B88B9D6009E6657 /* Products */;
			projectDirPath = "";
			projectRoot = "";
			targets = (
				52F42B712B88B9D6009E6657 /* PracticaIOSAvanzadoDiegoAndrades */,
				52F42B872B88B9D9009E6657 /* PracticaIOSAvanzadoDiegoAndradesTests */,
				52F42B912B88B9D9009E6657 /* PracticaIOSAvanzadoDiegoAndradesUITests */,
			);
		};
/* End PBXProject section */

/* Begin PBXResourcesBuildPhase section */
		52F42B702B88B9D6009E6657 /* Resources */ = {
			isa = PBXResourcesBuildPhase;
			buildActionMask = 2147483647;
			files = (
				52F42BAB2B8D1A89009E6657 /* LoginViewController.xib in Resources */,
				52F42B822B88B9D9009E6657 /* LaunchScreen.storyboard in Resources */,
				52F42BB22B8D1AF6009E6657 /* HeroesListViewController.xib in Resources */,
				52F42BA62B8D16E5009E6657 /* SplashViewController.xib in Resources */,
				52F42C3B2B93E4DC009E6657 /* HeroTableViewCell.xib in Resources */,
				52F42C372B93D9DF009E6657 /* HeroViewCell.xib in Resources */,
				52F42B7F2B88B9D9009E6657 /* Assets.xcassets in Resources */,
			);
			runOnlyForDeploymentPostprocessing = 0;
		};
		52F42B862B88B9D9009E6657 /* Resources */ = {
			isa = PBXResourcesBuildPhase;
			buildActionMask = 2147483647;
			files = (
			);
			runOnlyForDeploymentPostprocessing = 0;
		};
		52F42B902B88B9D9009E6657 /* Resources */ = {
			isa = PBXResourcesBuildPhase;
			buildActionMask = 2147483647;
			files = (
			);
			runOnlyForDeploymentPostprocessing = 0;
		};
/* End PBXResourcesBuildPhase section */

/* Begin PBXSourcesBuildPhase section */
		52F42B6E2B88B9D6009E6657 /* Sources */ = {
			isa = PBXSourcesBuildPhase;
			buildActionMask = 2147483647;
			files = (
				52F42BE12B925C4A009E6657 /* HeroCaseUse.swift in Sources */,
				52F42C362B93D9DF009E6657 /* HeroViewCell.swift in Sources */,
				52F42C162B93B6CD009E6657 /* UIImageView.swift in Sources */,
				52F42BCE2B8FA4A0009E6657 /* HTTPResponseCodes.swift in Sources */,
				52F42BB92B8D2149009E6657 /* Endpoint.swift in Sources */,
				52F42BB12B8D1AF6009E6657 /* HeroesListViewController.swift in Sources */,
				52F42C0E2B939F4F009E6657 /* NSMLocation.swift in Sources */,
				52F42BD42B8FAB72009E6657 /* SplashStatusLoad.swift in Sources */,
				52F42BAA2B8D1A89009E6657 /* LoginViewController.swift in Sources */,
				52F42B7A2B88B9D6009E6657 /* SplashViewController.swift in Sources */,
				52F42BBD2B8D3236009E6657 /* LoginViewModel.swift in Sources */,
				52F42BE82B926BAE009E6657 /* Model.xcdatamodeld in Sources */,
				52F42C012B93207D009E6657 /* Hero.swift in Sources */,
				52F42BE42B925D47009E6657 /* HeroViewModel.swift in Sources */,
				52F42BC22B8F3F5A009E6657 /* LoginStatusLoad.swift in Sources */,
				52F42BDA2B8FC645009E6657 /* SecureData.swift in Sources */,
				52F42BFF2B932072009E6657 /* Location.swift in Sources */,
				52F42BFD2B932067009E6657 /* Transformation.swift in Sources */,
				52F42B762B88B9D6009E6657 /* AppDelegate.swift in Sources */,
				52F42C3A2B93E4DC009E6657 /* HeroTableViewCell.swift in Sources */,
				52F42BCC2B8FA452009E6657 /* HTTPMethods.swift in Sources */,
				52F42B782B88B9D6009E6657 /* SceneDelegate.swift in Sources */,
				52F42BCA2B8FA3CF009E6657 /* NetworkError.swift in Sources */,
				52F42C0C2B939F4F009E6657 /* NSMHero.swift in Sources */,
				52F42BC72B8F6523009E6657 /* LoginUseCase.swift in Sources */,
				52F42C032B93456F009E6657 /* ApiProvider.swift in Sources */,
				52F42BFA2B927127009E6657 /* StoreDataProvider.swift in Sources */,
				52F42C0A2B939F4F009E6657 /* NSMTransformation.swift in Sources */,
			);
			runOnlyForDeploymentPostprocessing = 0;
		};
		52F42B842B88B9D9009E6657 /* Sources */ = {
			isa = PBXSourcesBuildPhase;
			buildActionMask = 2147483647;
			files = (
				52F42B8D2B88B9D9009E6657 /* PracticaIOSAvanzadoDiegoAndradesTests.swift in Sources */,
			);
			runOnlyForDeploymentPostprocessing = 0;
		};
		52F42B8E2B88B9D9009E6657 /* Sources */ = {
			isa = PBXSourcesBuildPhase;
			buildActionMask = 2147483647;
			files = (
				52F42B992B88B9D9009E6657 /* PracticaIOSAvanzadoDiegoAndradesUITestsLaunchTests.swift in Sources */,
				52F42B972B88B9D9009E6657 /* PracticaIOSAvanzadoDiegoAndradesUITests.swift in Sources */,
			);
			runOnlyForDeploymentPostprocessing = 0;
		};
/* End PBXSourcesBuildPhase section */

/* Begin PBXTargetDependency section */
		52F42B8A2B88B9D9009E6657 /* PBXTargetDependency */ = {
			isa = PBXTargetDependency;
			target = 52F42B712B88B9D6009E6657 /* PracticaIOSAvanzadoDiegoAndrades */;
			targetProxy = 52F42B892B88B9D9009E6657 /* PBXContainerItemProxy */;
		};
		52F42B942B88B9D9009E6657 /* PBXTargetDependency */ = {
			isa = PBXTargetDependency;
			target = 52F42B712B88B9D6009E6657 /* PracticaIOSAvanzadoDiegoAndrades */;
			targetProxy = 52F42B932B88B9D9009E6657 /* PBXContainerItemProxy */;
		};
/* End PBXTargetDependency section */

/* Begin PBXVariantGroup section */
		52F42B802B88B9D9009E6657 /* LaunchScreen.storyboard */ = {
			isa = PBXVariantGroup;
			children = (
				52F42B812B88B9D9009E6657 /* Base */,
			);
			name = LaunchScreen.storyboard;
			sourceTree = "<group>";
		};
/* End PBXVariantGroup section */

/* Begin XCBuildConfiguration section */
		52F42B9A2B88B9D9009E6657 /* Debug */ = {
			isa = XCBuildConfiguration;
			buildSettings = {
				ALWAYS_SEARCH_USER_PATHS = NO;
				ASSETCATALOG_COMPILER_GENERATE_SWIFT_ASSET_SYMBOL_EXTENSIONS = YES;
				CLANG_ANALYZER_NONNULL = YES;
				CLANG_ANALYZER_NUMBER_OBJECT_CONVERSION = YES_AGGRESSIVE;
				CLANG_CXX_LANGUAGE_STANDARD = "gnu++20";
				CLANG_ENABLE_MODULES = YES;
				CLANG_ENABLE_OBJC_ARC = YES;
				CLANG_ENABLE_OBJC_WEAK = YES;
				CLANG_WARN_BLOCK_CAPTURE_AUTORELEASING = YES;
				CLANG_WARN_BOOL_CONVERSION = YES;
				CLANG_WARN_COMMA = YES;
				CLANG_WARN_CONSTANT_CONVERSION = YES;
				CLANG_WARN_DEPRECATED_OBJC_IMPLEMENTATIONS = YES;
				CLANG_WARN_DIRECT_OBJC_ISA_USAGE = YES_ERROR;
				CLANG_WARN_DOCUMENTATION_COMMENTS = YES;
				CLANG_WARN_EMPTY_BODY = YES;
				CLANG_WARN_ENUM_CONVERSION = YES;
				CLANG_WARN_INFINITE_RECURSION = YES;
				CLANG_WARN_INT_CONVERSION = YES;
				CLANG_WARN_NON_LITERAL_NULL_CONVERSION = YES;
				CLANG_WARN_OBJC_IMPLICIT_RETAIN_SELF = YES;
				CLANG_WARN_OBJC_LITERAL_CONVERSION = YES;
				CLANG_WARN_OBJC_ROOT_CLASS = YES_ERROR;
				CLANG_WARN_QUOTED_INCLUDE_IN_FRAMEWORK_HEADER = YES;
				CLANG_WARN_RANGE_LOOP_ANALYSIS = YES;
				CLANG_WARN_STRICT_PROTOTYPES = YES;
				CLANG_WARN_SUSPICIOUS_MOVE = YES;
				CLANG_WARN_UNGUARDED_AVAILABILITY = YES_AGGRESSIVE;
				CLANG_WARN_UNREACHABLE_CODE = YES;
				CLANG_WARN__DUPLICATE_METHOD_MATCH = YES;
				COPY_PHASE_STRIP = NO;
				DEBUG_INFORMATION_FORMAT = dwarf;
				ENABLE_STRICT_OBJC_MSGSEND = YES;
				ENABLE_TESTABILITY = YES;
				ENABLE_USER_SCRIPT_SANDBOXING = YES;
				GCC_C_LANGUAGE_STANDARD = gnu17;
				GCC_DYNAMIC_NO_PIC = NO;
				GCC_NO_COMMON_BLOCKS = YES;
				GCC_OPTIMIZATION_LEVEL = 0;
				GCC_PREPROCESSOR_DEFINITIONS = (
					"DEBUG=1",
					"$(inherited)",
				);
				GCC_WARN_64_TO_32_BIT_CONVERSION = YES;
				GCC_WARN_ABOUT_RETURN_TYPE = YES_ERROR;
				GCC_WARN_UNDECLARED_SELECTOR = YES;
				GCC_WARN_UNINITIALIZED_AUTOS = YES_AGGRESSIVE;
				GCC_WARN_UNUSED_FUNCTION = YES;
				GCC_WARN_UNUSED_VARIABLE = YES;
				IPHONEOS_DEPLOYMENT_TARGET = 17.2;
				LOCALIZATION_PREFERS_STRING_CATALOGS = YES;
				MTL_ENABLE_DEBUG_INFO = INCLUDE_SOURCE;
				MTL_FAST_MATH = YES;
				ONLY_ACTIVE_ARCH = YES;
				SDKROOT = iphoneos;
				SWIFT_ACTIVE_COMPILATION_CONDITIONS = "DEBUG $(inherited)";
				SWIFT_OPTIMIZATION_LEVEL = "-Onone";
			};
			name = Debug;
		};
		52F42B9B2B88B9D9009E6657 /* Release */ = {
			isa = XCBuildConfiguration;
			buildSettings = {
				ALWAYS_SEARCH_USER_PATHS = NO;
				ASSETCATALOG_COMPILER_GENERATE_SWIFT_ASSET_SYMBOL_EXTENSIONS = YES;
				CLANG_ANALYZER_NONNULL = YES;
				CLANG_ANALYZER_NUMBER_OBJECT_CONVERSION = YES_AGGRESSIVE;
				CLANG_CXX_LANGUAGE_STANDARD = "gnu++20";
				CLANG_ENABLE_MODULES = YES;
				CLANG_ENABLE_OBJC_ARC = YES;
				CLANG_ENABLE_OBJC_WEAK = YES;
				CLANG_WARN_BLOCK_CAPTURE_AUTORELEASING = YES;
				CLANG_WARN_BOOL_CONVERSION = YES;
				CLANG_WARN_COMMA = YES;
				CLANG_WARN_CONSTANT_CONVERSION = YES;
				CLANG_WARN_DEPRECATED_OBJC_IMPLEMENTATIONS = YES;
				CLANG_WARN_DIRECT_OBJC_ISA_USAGE = YES_ERROR;
				CLANG_WARN_DOCUMENTATION_COMMENTS = YES;
				CLANG_WARN_EMPTY_BODY = YES;
				CLANG_WARN_ENUM_CONVERSION = YES;
				CLANG_WARN_INFINITE_RECURSION = YES;
				CLANG_WARN_INT_CONVERSION = YES;
				CLANG_WARN_NON_LITERAL_NULL_CONVERSION = YES;
				CLANG_WARN_OBJC_IMPLICIT_RETAIN_SELF = YES;
				CLANG_WARN_OBJC_LITERAL_CONVERSION = YES;
				CLANG_WARN_OBJC_ROOT_CLASS = YES_ERROR;
				CLANG_WARN_QUOTED_INCLUDE_IN_FRAMEWORK_HEADER = YES;
				CLANG_WARN_RANGE_LOOP_ANALYSIS = YES;
				CLANG_WARN_STRICT_PROTOTYPES = YES;
				CLANG_WARN_SUSPICIOUS_MOVE = YES;
				CLANG_WARN_UNGUARDED_AVAILABILITY = YES_AGGRESSIVE;
				CLANG_WARN_UNREACHABLE_CODE = YES;
				CLANG_WARN__DUPLICATE_METHOD_MATCH = YES;
				COPY_PHASE_STRIP = NO;
				DEBUG_INFORMATION_FORMAT = "dwarf-with-dsym";
				ENABLE_NS_ASSERTIONS = NO;
				ENABLE_STRICT_OBJC_MSGSEND = YES;
				ENABLE_USER_SCRIPT_SANDBOXING = YES;
				GCC_C_LANGUAGE_STANDARD = gnu17;
				GCC_NO_COMMON_BLOCKS = YES;
				GCC_WARN_64_TO_32_BIT_CONVERSION = YES;
				GCC_WARN_ABOUT_RETURN_TYPE = YES_ERROR;
				GCC_WARN_UNDECLARED_SELECTOR = YES;
				GCC_WARN_UNINITIALIZED_AUTOS = YES_AGGRESSIVE;
				GCC_WARN_UNUSED_FUNCTION = YES;
				GCC_WARN_UNUSED_VARIABLE = YES;
				IPHONEOS_DEPLOYMENT_TARGET = 17.2;
				LOCALIZATION_PREFERS_STRING_CATALOGS = YES;
				MTL_ENABLE_DEBUG_INFO = NO;
				MTL_FAST_MATH = YES;
				SDKROOT = iphoneos;
				SWIFT_COMPILATION_MODE = wholemodule;
				VALIDATE_PRODUCT = YES;
			};
			name = Release;
		};
		52F42B9D2B88B9D9009E6657 /* Debug */ = {
			isa = XCBuildConfiguration;
			buildSettings = {
				ASSETCATALOG_COMPILER_APPICON_NAME = AppIcon;
				ASSETCATALOG_COMPILER_GLOBAL_ACCENT_COLOR_NAME = AccentColor;
				CODE_SIGN_STYLE = Automatic;
				CURRENT_PROJECT_VERSION = 1;
				GENERATE_INFOPLIST_FILE = YES;
				INFOPLIST_FILE = PracticaIOSAvanzadoDiegoAndrades/Info.plist;
				INFOPLIST_KEY_UIApplicationSupportsIndirectInputEvents = YES;
				INFOPLIST_KEY_UILaunchStoryboardName = LaunchScreen;
				INFOPLIST_KEY_UISupportedInterfaceOrientations_iPad = "UIInterfaceOrientationPortrait UIInterfaceOrientationPortraitUpsideDown UIInterfaceOrientationLandscapeLeft UIInterfaceOrientationLandscapeRight";
				INFOPLIST_KEY_UISupportedInterfaceOrientations_iPhone = "UIInterfaceOrientationPortrait UIInterfaceOrientationLandscapeLeft UIInterfaceOrientationLandscapeRight";
				LD_RUNPATH_SEARCH_PATHS = (
					"$(inherited)",
					"@executable_path/Frameworks",
				);
				MARKETING_VERSION = 1.0;
				PRODUCT_BUNDLE_IDENTIFIER = d.a.o.PracticaIOSAvanzadoDiegoAndrades;
				PRODUCT_NAME = "$(TARGET_NAME)";
				SWIFT_EMIT_LOC_STRINGS = YES;
				SWIFT_VERSION = 5.0;
				TARGETED_DEVICE_FAMILY = "1,2";
			};
			name = Debug;
		};
		52F42B9E2B88B9D9009E6657 /* Release */ = {
			isa = XCBuildConfiguration;
			buildSettings = {
				ASSETCATALOG_COMPILER_APPICON_NAME = AppIcon;
				ASSETCATALOG_COMPILER_GLOBAL_ACCENT_COLOR_NAME = AccentColor;
				CODE_SIGN_STYLE = Automatic;
				CURRENT_PROJECT_VERSION = 1;
				GENERATE_INFOPLIST_FILE = YES;
				INFOPLIST_FILE = PracticaIOSAvanzadoDiegoAndrades/Info.plist;
				INFOPLIST_KEY_UIApplicationSupportsIndirectInputEvents = YES;
				INFOPLIST_KEY_UILaunchStoryboardName = LaunchScreen;
				INFOPLIST_KEY_UISupportedInterfaceOrientations_iPad = "UIInterfaceOrientationPortrait UIInterfaceOrientationPortraitUpsideDown UIInterfaceOrientationLandscapeLeft UIInterfaceOrientationLandscapeRight";
				INFOPLIST_KEY_UISupportedInterfaceOrientations_iPhone = "UIInterfaceOrientationPortrait UIInterfaceOrientationLandscapeLeft UIInterfaceOrientationLandscapeRight";
				LD_RUNPATH_SEARCH_PATHS = (
					"$(inherited)",
					"@executable_path/Frameworks",
				);
				MARKETING_VERSION = 1.0;
				PRODUCT_BUNDLE_IDENTIFIER = d.a.o.PracticaIOSAvanzadoDiegoAndrades;
				PRODUCT_NAME = "$(TARGET_NAME)";
				SWIFT_EMIT_LOC_STRINGS = YES;
				SWIFT_VERSION = 5.0;
				TARGETED_DEVICE_FAMILY = "1,2";
			};
			name = Release;
		};
		52F42BA02B88B9D9009E6657 /* Debug */ = {
			isa = XCBuildConfiguration;
			buildSettings = {
				ALWAYS_EMBED_SWIFT_STANDARD_LIBRARIES = YES;
				BUNDLE_LOADER = "$(TEST_HOST)";
				CODE_SIGN_STYLE = Automatic;
				CURRENT_PROJECT_VERSION = 1;
				GENERATE_INFOPLIST_FILE = YES;
				IPHONEOS_DEPLOYMENT_TARGET = 17.2;
				MARKETING_VERSION = 1.0;
				PRODUCT_BUNDLE_IDENTIFIER = d.a.o.PracticaIOSAvanzadoDiegoAndradesTests;
				PRODUCT_NAME = "$(TARGET_NAME)";
				SWIFT_EMIT_LOC_STRINGS = NO;
				SWIFT_VERSION = 5.0;
				TARGETED_DEVICE_FAMILY = "1,2";
				TEST_HOST = "$(BUILT_PRODUCTS_DIR)/PracticaIOSAvanzadoDiegoAndrades.app/$(BUNDLE_EXECUTABLE_FOLDER_PATH)/PracticaIOSAvanzadoDiegoAndrades";
			};
			name = Debug;
		};
		52F42BA12B88B9D9009E6657 /* Release */ = {
			isa = XCBuildConfiguration;
			buildSettings = {
				ALWAYS_EMBED_SWIFT_STANDARD_LIBRARIES = YES;
				BUNDLE_LOADER = "$(TEST_HOST)";
				CODE_SIGN_STYLE = Automatic;
				CURRENT_PROJECT_VERSION = 1;
				GENERATE_INFOPLIST_FILE = YES;
				IPHONEOS_DEPLOYMENT_TARGET = 17.2;
				MARKETING_VERSION = 1.0;
				PRODUCT_BUNDLE_IDENTIFIER = d.a.o.PracticaIOSAvanzadoDiegoAndradesTests;
				PRODUCT_NAME = "$(TARGET_NAME)";
				SWIFT_EMIT_LOC_STRINGS = NO;
				SWIFT_VERSION = 5.0;
				TARGETED_DEVICE_FAMILY = "1,2";
				TEST_HOST = "$(BUILT_PRODUCTS_DIR)/PracticaIOSAvanzadoDiegoAndrades.app/$(BUNDLE_EXECUTABLE_FOLDER_PATH)/PracticaIOSAvanzadoDiegoAndrades";
			};
			name = Release;
		};
		52F42BA32B88B9D9009E6657 /* Debug */ = {
			isa = XCBuildConfiguration;
			buildSettings = {
				ALWAYS_EMBED_SWIFT_STANDARD_LIBRARIES = YES;
				CODE_SIGN_STYLE = Automatic;
				CURRENT_PROJECT_VERSION = 1;
				GENERATE_INFOPLIST_FILE = YES;
				MARKETING_VERSION = 1.0;
				PRODUCT_BUNDLE_IDENTIFIER = d.a.o.PracticaIOSAvanzadoDiegoAndradesUITests;
				PRODUCT_NAME = "$(TARGET_NAME)";
				SWIFT_EMIT_LOC_STRINGS = NO;
				SWIFT_VERSION = 5.0;
				TARGETED_DEVICE_FAMILY = "1,2";
				TEST_TARGET_NAME = PracticaIOSAvanzadoDiegoAndrades;
			};
			name = Debug;
		};
		52F42BA42B88B9D9009E6657 /* Release */ = {
			isa = XCBuildConfiguration;
			buildSettings = {
				ALWAYS_EMBED_SWIFT_STANDARD_LIBRARIES = YES;
				CODE_SIGN_STYLE = Automatic;
				CURRENT_PROJECT_VERSION = 1;
				GENERATE_INFOPLIST_FILE = YES;
				MARKETING_VERSION = 1.0;
				PRODUCT_BUNDLE_IDENTIFIER = d.a.o.PracticaIOSAvanzadoDiegoAndradesUITests;
				PRODUCT_NAME = "$(TARGET_NAME)";
				SWIFT_EMIT_LOC_STRINGS = NO;
				SWIFT_VERSION = 5.0;
				TARGETED_DEVICE_FAMILY = "1,2";
				TEST_TARGET_NAME = PracticaIOSAvanzadoDiegoAndrades;
			};
			name = Release;
		};
/* End XCBuildConfiguration section */

/* Begin XCConfigurationList section */
		52F42B6D2B88B9D6009E6657 /* Build configuration list for PBXProject "PracticaIOSAvanzadoDiegoAndrades" */ = {
			isa = XCConfigurationList;
			buildConfigurations = (
				52F42B9A2B88B9D9009E6657 /* Debug */,
				52F42B9B2B88B9D9009E6657 /* Release */,
			);
			defaultConfigurationIsVisible = 0;
			defaultConfigurationName = Release;
		};
		52F42B9C2B88B9D9009E6657 /* Build configuration list for PBXNativeTarget "PracticaIOSAvanzadoDiegoAndrades" */ = {
			isa = XCConfigurationList;
			buildConfigurations = (
				52F42B9D2B88B9D9009E6657 /* Debug */,
				52F42B9E2B88B9D9009E6657 /* Release */,
			);
			defaultConfigurationIsVisible = 0;
			defaultConfigurationName = Release;
		};
		52F42B9F2B88B9D9009E6657 /* Build configuration list for PBXNativeTarget "PracticaIOSAvanzadoDiegoAndradesTests" */ = {
			isa = XCConfigurationList;
			buildConfigurations = (
				52F42BA02B88B9D9009E6657 /* Debug */,
				52F42BA12B88B9D9009E6657 /* Release */,
			);
			defaultConfigurationIsVisible = 0;
			defaultConfigurationName = Release;
		};
		52F42BA22B88B9D9009E6657 /* Build configuration list for PBXNativeTarget "PracticaIOSAvanzadoDiegoAndradesUITests" */ = {
			isa = XCConfigurationList;
			buildConfigurations = (
				52F42BA32B88B9D9009E6657 /* Debug */,
				52F42BA42B88B9D9009E6657 /* Release */,
			);
			defaultConfigurationIsVisible = 0;
			defaultConfigurationName = Release;
		};
/* End XCConfigurationList section */

/* Begin XCRemoteSwiftPackageReference section */
		52F42BD52B8FB8C3009E6657 /* XCRemoteSwiftPackageReference "keychain-swift" */ = {
			isa = XCRemoteSwiftPackageReference;
			repositoryURL = "https://github.com/evgenyneu/keychain-swift.git";
			requirement = {
				kind = exactVersion;
				version = 21.0.0;
			};
		};
/* End XCRemoteSwiftPackageReference section */

/* Begin XCSwiftPackageProductDependency section */
		52F42BD62B8FB8C3009E6657 /* KeychainSwift */ = {
			isa = XCSwiftPackageProductDependency;
			package = 52F42BD52B8FB8C3009E6657 /* XCRemoteSwiftPackageReference "keychain-swift" */;
			productName = KeychainSwift;
		};
/* End XCSwiftPackageProductDependency section */

/* Begin XCVersionGroup section */
		52F42BE62B926BAE009E6657 /* Model.xcdatamodeld */ = {
			isa = XCVersionGroup;
			children = (
				52F42BE72B926BAE009E6657 /* Model.xcdatamodel */,
			);
			currentVersion = 52F42BE72B926BAE009E6657 /* Model.xcdatamodel */;
			path = Model.xcdatamodeld;
			sourceTree = "<group>";
			versionGroupType = wrapper.xcdatamodel;
		};
/* End XCVersionGroup section */
	};
	rootObject = 52F42B6A2B88B9D6009E6657 /* Project object */;
}
